
Microsoft Visual Studio Solution File, Format Version 12.00
# Visual Studio 2012
Project("{FAE04EC0-301F-11D3-BF4B-00C04F79EFBC}") = "agile-herma", "agile-herma\agile-herma.csproj", "{2DBE0AFF-48D7-48A3-86AD-EC253CFC98C6}"
EndProject
Project("{FAE04EC0-301F-11D3-BF4B-00C04F79EFBC}") = "UnitTestProject", "UnitTestProject\UnitTestProject.csproj", "{EDFBE630-C010-45A8-8F13-78E4FE25F9BA}"
EndProject
Global
	GlobalSection(SolutionConfigurationPlatforms) = preSolution
		Debug|Any CPU = Debug|Any CPU
		Release|Any CPU = Release|Any CPU
	EndGlobalSection
	GlobalSection(ProjectConfigurationPlatforms) = postSolution
		{2DBE0AFF-48D7-48A3-86AD-EC253CFC98C6}.Debug|Any CPU.ActiveCfg = Debug|Any CPU
		{2DBE0AFF-48D7-48A3-86AD-EC253CFC98C6}.Debug|Any CPU.Build.0 = Debug|Any CPU
		{2DBE0AFF-48D7-48A3-86AD-EC253CFC98C6}.Release|Any CPU.ActiveCfg = Release|Any CPU
		{2DBE0AFF-48D7-48A3-86AD-EC253CFC98C6}.Release|Any CPU.Build.0 = Release|Any CPU
		{EDFBE630-C010-45A8-8F13-78E4FE25F9BA}.Debug|Any CPU.ActiveCfg = Debug|Any CPU
		{EDFBE630-C010-45A8-8F13-78E4FE25F9BA}.Debug|Any CPU.Build.0 = Debug|Any CPU
		{EDFBE630-C010-45A8-8F13-78E4FE25F9BA}.Release|Any CPU.ActiveCfg = Release|Any CPU
		{EDFBE630-C010-45A8-8F13-78E4FE25F9BA}.Release|Any CPU.Build.0 = Release|Any CPU
	EndGlobalSection
	GlobalSection(SolutionProperties) = preSolution
		HideSolutionNode = FALSE
	EndGlobalSection
EndGlobal
